<?xml version="1.0" encoding="utf-8"?>
<Project ToolsVersion="4.0" xmlns="http://schemas.microsoft.com/developer/msbuild/2003">
  <ItemGroup>
    <Filter Include="Source Files">
      <UniqueIdentifier>{4FC737F1-C7A5-4376-A066-2A32D752A2FF}</UniqueIdentifier>
      <Extensions>cpp;c;cc;cxx;def;odl;idl;hpj;bat;asm;asmx</Extensions>
    </Filter>
    <Filter Include="Header Files">
      <UniqueIdentifier>{93995380-89BD-4b04-88EB-625FBE52EBFB}</UniqueIdentifier>
      <Extensions>h;hh;hpp;hxx;hm;inl;inc;xsd</Extensions>
    </Filter>
    <Filter Include="Resource Files">
      <UniqueIdentifier>{67DA6AB6-F800-4c08-8B7A-83BB121AAD01}</UniqueIdentifier>
      <Extensions>rc;ico;cur;bmp;dlg;rc2;rct;bin;rgs;gif;jpg;jpeg;jpe;resx;tiff;tif;png;wav</Extensions>
    </Filter>
    <Filter Include="Resource Files\classrooms">
      <UniqueIdentifier>{e9203a3f-494d-49fa-a85f-ffd207036f89}</UniqueIdentifier>
    </Filter>
  </ItemGroup>
  <ItemGroup>
    <ClCompile Include="src\agent.cpp">
      <Filter>Source Files</Filter>
    </ClCompile>
    <ClCompile Include="src\configure_agents.cpp">
      <Filter>Source Files</Filter>
    </ClCompile>
    <ClCompile Include="src\graph_building.cpp">
      <Filter>Source Files</Filter>
    </ClCompile>
    <ClCompile Include="src\main.cpp">
      <Filter>Source Files</Filter>
    </ClCompile>
    <ClCompile Include="src\simulation.cpp">
      <Filter>Source Files</Filter>
    </ClCompile>
  </ItemGroup>
  <ItemGroup>
    <ClInclude Include="include\agent.h">
      <Filter>Header Files</Filter>
    </ClInclude>
    <ClInclude Include="include\configure_agents.h">
      <Filter>Header Files</Filter>
    </ClInclude>
    <ClInclude Include="include\graph_building.h">
      <Filter>Header Files</Filter>
    </ClInclude>
    <ClInclude Include="include\random_element.h">
      <Filter>Header Files</Filter>
    </ClInclude>
    <ClInclude Include="include\simulation.h">
      <Filter>Header Files</Filter>
    </ClInclude>
    <ClInclude Include="include\json.hpp">
      <Filter>Header Files</Filter>
    </ClInclude>
  </ItemGroup>
  <ItemGroup>
    <None Include="assets\master_courses\schedule_maker.py">
      <Filter>Resource Files</Filter>
    </None>
    <None Include="export\graph_drawing.py">
      <Filter>Resource Files</Filter>
    </None>
    <None Include="export\plot_population.m">
      <Filter>Resource Files</Filter>
    </None>
    <None Include=".gitignore" />
    <None Include="README.md" />
    <None Include="assets\period5.json">
      <Filter>Resource Files\classrooms</Filter>
    </None>
    <None Include="assets\period1.json">
      <Filter>Resource Files\classrooms</Filter>
    </None>
    <None Include="assets\period2.json">
      <Filter>Resource Files\classrooms</Filter>
    </None>
    <None Include="assets\period3.json">
      <Filter>Resource Files\classrooms</Filter>
    </None>
    <None Include="assets\period4.json">
      <Filter>Resource Files\classrooms</Filter>
    </None>
    <None Include="assets\master_courses\master_schedule.csv">
      <Filter>Resource Files\classrooms</Filter>
    </None>
  </ItemGroup>
  <ItemGroup>
    <Text Include="CMakeLists.txt" />
  </ItemGroup>
</Project>